
Microsoft Visual Studio Solution File, Format Version 12.00
# Visual Studio 15
VisualStudioVersion = 15.0.27428.2037
MinimumVisualStudioVersion = 10.0.40219.1
Project("{FAE04EC0-301F-11D3-BF4B-00C04F79EFBC}") = "BeersApp.Web", "BeersApp.Web\BeersApp.Web.csproj", "{6A6CA21E-3F78-445A-8E11-06CC6E9B34B8}"
EndProject
Project("{FAE04EC0-301F-11D3-BF4B-00C04F79EFBC}") = "BeersApp.Domain", "BeersApp.Domain\BeersApp.Domain.csproj", "{C94B1D29-FE06-4137-923B-0B10510E5BBD}"
EndProject
Project("{FAE04EC0-301F-11D3-BF4B-00C04F79EFBC}") = "BeersApp.Application.Tests", "BeersApp.Application.Tests\BeersApp.Application.Tests.csproj", "{1E4B814A-8193-4422-997F-148F34DF11C0}"
EndProject
Project("{FAE04EC0-301F-11D3-BF4B-00C04F79EFBC}") = "BeersApp.Application", "BeersApp.Application\BeersApp.Application.csproj", "{BB9DBC71-8DAE-46DC-ACD7-1782B075C661}"
EndProject
Global
	GlobalSection(SolutionConfigurationPlatforms) = preSolution
		Debug|Any CPU = Debug|Any CPU
		Release|Any CPU = Release|Any CPU
	EndGlobalSection
	GlobalSection(ProjectConfigurationPlatforms) = postSolution
		{6A6CA21E-3F78-445A-8E11-06CC6E9B34B8}.Debug|Any CPU.ActiveCfg = Debug|Any CPU
		{6A6CA21E-3F78-445A-8E11-06CC6E9B34B8}.Debug|Any CPU.Build.0 = Debug|Any CPU
		{6A6CA21E-3F78-445A-8E11-06CC6E9B34B8}.Release|Any CPU.ActiveCfg = Release|Any CPU
		{6A6CA21E-3F78-445A-8E11-06CC6E9B34B8}.Release|Any CPU.Build.0 = Release|Any CPU
		{C94B1D29-FE06-4137-923B-0B10510E5BBD}.Debug|Any CPU.ActiveCfg = Debug|Any CPU
		{C94B1D29-FE06-4137-923B-0B10510E5BBD}.Debug|Any CPU.Build.0 = Debug|Any CPU
		{C94B1D29-FE06-4137-923B-0B10510E5BBD}.Release|Any CPU.ActiveCfg = Release|Any CPU
		{C94B1D29-FE06-4137-923B-0B10510E5BBD}.Release|Any CPU.Build.0 = Release|Any CPU
		{1E4B814A-8193-4422-997F-148F34DF11C0}.Debug|Any CPU.ActiveCfg = Debug|Any CPU
		{1E4B814A-8193-4422-997F-148F34DF11C0}.Debug|Any CPU.Build.0 = Debug|Any CPU
		{1E4B814A-8193-4422-997F-148F34DF11C0}.Release|Any CPU.ActiveCfg = Release|Any CPU
		{1E4B814A-8193-4422-997F-148F34DF11C0}.Release|Any CPU.Build.0 = Release|Any CPU
		{BB9DBC71-8DAE-46DC-ACD7-1782B075C661}.Debug|Any CPU.ActiveCfg = Debug|Any CPU
		{BB9DBC71-8DAE-46DC-ACD7-1782B075C661}.Debug|Any CPU.Build.0 = Debug|Any CPU
		{BB9DBC71-8DAE-46DC-ACD7-1782B075C661}.Release|Any CPU.ActiveCfg = Release|Any CPU
		{BB9DBC71-8DAE-46DC-ACD7-1782B075C661}.Release|Any CPU.Build.0 = Release|Any CPU
	EndGlobalSection
	GlobalSection(SolutionProperties) = preSolution
		HideSolutionNode = FALSE
	EndGlobalSection
	GlobalSection(ExtensibilityGlobals) = postSolution
		SolutionGuid = {AF4AA79B-8004-4B6F-9965-E7BBA77E8C5C}
	EndGlobalSection
EndGlobal
